<?xml version="1.0" encoding="utf-8"?>
<Project ToolsVersion="4.0" xmlns="http://schemas.microsoft.com/developer/msbuild/2003">
  <ItemGroup>
    <Filter Include="Source Files">
      <UniqueIdentifier>{4FC737F1-C7A5-4376-A066-2A32D752A2FF}</UniqueIdentifier>
      <Extensions>cpp;c;cc;cxx;def;odl;idl;hpj;bat;asm;asmx</Extensions>
    </Filter>
    <Filter Include="Header Files">
      <UniqueIdentifier>{93995380-89BD-4b04-88EB-625FBE52EBFB}</UniqueIdentifier>
      <Extensions>h;hh;hpp;hxx;hm;inl;inc;xsd</Extensions>
    </Filter>
    <Filter Include="Resource Files">
      <UniqueIdentifier>{67DA6AB6-F800-4c08-8B7A-83BB121AAD01}</UniqueIdentifier>
      <Extensions>rc;ico;cur;bmp;dlg;rc2;rct;bin;rgs;gif;jpg;jpeg;jpe;resx;tiff;tif;png;wav;mfcribbon-ms</Extensions>
    </Filter>
    <Filter Include="Generated Files">
      <UniqueIdentifier>{05625965-aebd-4162-8ca9-a75602c2a84d}</UniqueIdentifier>
      <SourceControlFiles>False</SourceControlFiles>
    </Filter>
    <Filter Include="Resource Files\Textures">
      <UniqueIdentifier>{4c4de8ae-7840-4b83-a54a-3f50bd2b848e}</UniqueIdentifier>
    </Filter>
  </ItemGroup>
  <ItemGroup>
    <ClCompile Include="stdafx.cpp">
      <Filter>Source Files</Filter>
    </ClCompile>
    <ClCompile Include="CubeCPPAddin.cpp">
      <Filter>Source Files</Filter>
    </ClCompile>
    <ClCompile Include="dllmain.cpp">
      <Filter>Source Files</Filter>
    </ClCompile>
    <ClCompile Include="xdlldata.c">
      <Filter>Source Files</Filter>
    </ClCompile>
    <ClCompile Include="CubeCPPAddin_i.c">
      <Filter>Generated Files</Filter>
    </ClCompile>
    <ClCompile Include="AddinSimulationManager.cpp">
      <Filter>Source Files</Filter>
    </ClCompile>
    <ClCompile Include="PropSliderCtrl.cpp">
      <Filter>Source Files</Filter>
    </ClCompile>
    <ClCompile Include="ObjectDemoExperiment.cpp">
      <Filter>Source Files</Filter>
    </ClCompile>
    <ClCompile Include="CubeCPPAddinSimulation.cpp">
      <Filter>Source Files</Filter>
    </ClCompile>
    <ClCompile Include="CDice.cpp">
      <Filter>Source Files</Filter>
    </ClCompile>
    <ClCompile Include="std.cpp">
      <Filter>Source Files</Filter>
    </ClCompile>
  </ItemGroup>
  <ItemGroup>
    <ClInclude Include="stdafx.h">
      <Filter>Header Files</Filter>
    </ClInclude>
    <ClInclude Include="targetver.h">
      <Filter>Header Files</Filter>
    </ClInclude>
    <ClInclude Include="Resource.h">
      <Filter>Header Files</Filter>
    </ClInclude>
    <ClInclude Include="dllmain.h">
      <Filter>Header Files</Filter>
    </ClInclude>
    <ClInclude Include="xdlldata.h">
      <Filter>Header Files</Filter>
    </ClInclude>
    <ClInclude Include="CubeCPPAddin_i.h">
      <Filter>Generated Files</Filter>
    </ClInclude>
    <ClInclude Include="AddinSimulationManager.h">
      <Filter>Header Files</Filter>
    </ClInclude>
    <ClInclude Include="PropSliderCtrl.h">
      <Filter>Header Files</Filter>
    </ClInclude>
    <ClInclude Include="ObjectDemoExperiment.h">
      <Filter>Header Files</Filter>
    </ClInclude>
    <ClInclude Include="CubeCPPAddinSimulation.h">
      <Filter>Header Files</Filter>
    </ClInclude>
    <ClInclude Include="CDice.h">
      <Filter>Header Files</Filter>
    </ClInclude>
    <ClInclude Include="std_image.h">
      <Filter>Header Files</Filter>
    </ClInclude>
  </ItemGroup>
  <ItemGroup>
    <ResourceCompile Include="CubeCPPAddin.rc">
      <Filter>Resource Files</Filter>
    </ResourceCompile>
  </ItemGroup>
  <ItemGroup>
    <Text Include="ReadMe.txt" />
  </ItemGroup>
  <ItemGroup>
    <None Include="CubeCPPAddin.rgs">
      <Filter>Resource Files</Filter>
    </None>
    <None Include="CubeCPPAddin.def">
      <Filter>Source Files</Filter>
    </None>
    <None Include="html1.htm" />
    <None Include="CubeCPPAddinSimulation.rgs">
      <Filter>Resource Files</Filter>
    </None>
  </ItemGroup>
  <ItemGroup>
    <Midl Include="CubeCPPAddin.idl">
      <Filter>Source Files</Filter>
    </Midl>
  </ItemGroup>
  <ItemGroup>
    <Image Include="toolbar1.bmp">
      <Filter>Resource Files</Filter>
    </Image>
    <Image Include="img2.png">
      <Filter>Resource Files\Textures</Filter>
    </Image>
    <Image Include="bitmap1.bmp">
      <Filter>Resource Files</Filter>
    </Image>
    <Image Include="bitmap2.bmp">
      <Filter>Resource Files</Filter>
    </Image>
    <Image Include="Banner.bmp">
      <Filter>Resource Files</Filter>
    </Image>
    <Image Include="Banner.bmp">
      <Filter>Resource Files</Filter>
    </Image>
    <Image Include="bitmap4.bmp">
      <Filter>Resource Files</Filter>
    </Image>
    <Image Include="bitmap3.bmp">
      <Filter>Resource Files</Filter>
    </Image>
    <Image Include="bitmap8.bmp">
      <Filter>Resource Files</Filter>
    </Image>
    <Image Include="bitmap5.bmp">
      <Filter>Resource Files</Filter>
    </Image>
    <Image Include="bitmap6.bmp">
      <Filter>Resource Files</Filter>
    </Image>
    <Image Include="bitmap7.bmp">
      <Filter>Resource Files</Filter>
    </Image>
  </ItemGroup>
</Project>